// !$*UTF8*$!
{
	archiveVersion = 1;
	classes = {
	};
	objectVersion = 48;
	objects = {

/* Begin PBXBuildFile section */
		1E9CFF1B2089CF4C00327680 /* AppDelegate.swift in Sources */ = {isa = PBXBuildFile; fileRef = 1E9CFF1A2089CF4C00327680 /* AppDelegate.swift */; };
		1E9CFF1D2089CF4C00327680 /* ViewController.swift in Sources */ = {isa = PBXBuildFile; fileRef = 1E9CFF1C2089CF4C00327680 /* ViewController.swift */; };
		1E9CFF202089CF4C00327680 /* Main.storyboard in Resources */ = {isa = PBXBuildFile; fileRef = 1E9CFF1E2089CF4C00327680 /* Main.storyboard */; };
		1E9CFF222089CF5500327680 /* Assets.xcassets in Resources */ = {isa = PBXBuildFile; fileRef = 1E9CFF212089CF5500327680 /* Assets.xcassets */; };
		1E9CFF252089CF5500327680 /* LaunchScreen.storyboard in Resources */ = {isa = PBXBuildFile; fileRef = 1E9CFF232089CF5500327680 /* LaunchScreen.storyboard */; };
		1E9CFF302089CF5500327680 /* calculatorTests.swift in Sources */ = {isa = PBXBuildFile; fileRef = 1E9CFF2F2089CF5500327680 /* calculatorTests.swift */; };
		1E9CFF3B2089CF5500327680 /* calculatorUITests.swift in Sources */ = {isa = PBXBuildFile; fileRef = 1E9CFF3A2089CF5500327680 /* calculatorUITests.swift */; };
/* End PBXBuildFile section */

/* Begin PBXContainerItemProxy section */
		1E9CFF2C2089CF5500327680 /* PBXContainerItemProxy */ = {
			isa = PBXContainerItemProxy;
			containerPortal = 1E9CFF0F2089CF4C00327680 /* Project object */;
			proxyType = 1;
			remoteGlobalIDString = 1E9CFF162089CF4C00327680;
			remoteInfo = calculator;
		};
		1E9CFF372089CF5500327680 /* PBXContainerItemProxy */ = {
			isa = PBXContainerItemProxy;
			containerPortal = 1E9CFF0F2089CF4C00327680 /* Project object */;
			proxyType = 1;
			remoteGlobalIDString = 1E9CFF162089CF4C00327680;
			remoteInfo = calculator;
		};
/* End PBXContainerItemProxy section */

/* Begin PBXFileReference section */
		1E9CFF172089CF4C00327680 /* calculator.app */ = {isa = PBXFileReference; explicitFileType = wrapper.application; includeInIndex = 0; path = calculator.app; sourceTree = BUILT_PRODUCTS_DIR; };
		1E9CFF1A2089CF4C00327680 /* AppDelegate.swift */ = {isa = PBXFileReference; lastKnownFileType = sourcecode.swift; path = AppDelegate.swift; sourceTree = "<group>"; };
		1E9CFF1C2089CF4C00327680 /* ViewController.swift */ = {isa = PBXFileReference; lastKnownFileType = sourcecode.swift; path = ViewController.swift; sourceTree = "<group>"; };
		1E9CFF1F2089CF4C00327680 /* Base */ = {isa = PBXFileReference; lastKnownFileType = file.storyboard; name = Base; path = Base.lproj/Main.storyboard; sourceTree = "<group>"; };
		1E9CFF212089CF5500327680 /* Assets.xcassets */ = {isa = PBXFileReference; lastKnownFileType = folder.assetcatalog; path = Assets.xcassets; sourceTree = "<group>"; };
		1E9CFF242089CF5500327680 /* Base */ = {isa = PBXFileReference; lastKnownFileType = file.storyboard; name = Base; path = Base.lproj/LaunchScreen.storyboard; sourceTree = "<group>"; };
		1E9CFF262089CF5500327680 /* Info.plist */ = {isa = PBXFileReference; lastKnownFileType = text.plist.xml; path = Info.plist; sourceTree = "<group>"; };
		1E9CFF2B2089CF5500327680 /* calculatorTests.xctest */ = {isa = PBXFileReference; explicitFileType = wrapper.cfbundle; includeInIndex = 0; path = calculatorTests.xctest; sourceTree = BUILT_PRODUCTS_DIR; };
		1E9CFF2F2089CF5500327680 /* calculatorTests.swift */ = {isa = PBXFileReference; lastKnownFileType = sourcecode.swift; path = calculatorTests.swift; sourceTree = "<group>"; };
		1E9CFF312089CF5500327680 /* Info.plist */ = {isa = PBXFileReference; lastKnownFileType = text.plist.xml; path = Info.plist; sourceTree = "<group>"; };
		1E9CFF362089CF5500327680 /* calculatorUITests.xctest */ = {isa = PBXFileReference; explicitFileType = wrapper.cfbundle; includeInIndex = 0; path = calculatorUITests.xctest; sourceTree = BUILT_PRODUCTS_DIR; };
		1E9CFF3A2089CF5500327680 /* calculatorUITests.swift */ = {isa = PBXFileReference; lastKnownFileType = sourcecode.swift; path = calculatorUITests.swift; sourceTree = "<group>"; };
		1E9CFF3C2089CF5500327680 /* Info.plist */ = {isa = PBXFileReference; lastKnownFileType = text.plist.xml; path = Info.plist; sourceTree = "<group>"; };
/* End PBXFileReference section */

/* Begin PBXFrameworksBuildPhase section */
		1E9CFF142089CF4C00327680 /* Frameworks */ = {
			isa = PBXFrameworksBuildPhase;
			buildActionMask = 2147483647;
			files = (
			);
			runOnlyForDeploymentPostprocessing = 0;
		};
		1E9CFF282089CF5500327680 /* Frameworks */ = {
			isa = PBXFrameworksBuildPhase;
			buildActionMask = 2147483647;
			files = (
			);
			runOnlyForDeploymentPostprocessing = 0;
		};
		1E9CFF332089CF5500327680 /* Frameworks */ = {
			isa = PBXFrameworksBuildPhase;
			buildActionMask = 2147483647;
			files = (
			);
			runOnlyForDeploymentPostprocessing = 0;
		};
/* End PBXFrameworksBuildPhase section */

/* Begin PBXGroup section */
		1E9CFF0E2089CF4C00327680 = {
			isa = PBXGroup;
			children = (
				1E9CFF192089CF4C00327680 /* calculator */,
				1E9CFF2E2089CF5500327680 /* calculatorTests */,
				1E9CFF392089CF5500327680 /* calculatorUITests */,
				1E9CFF182089CF4C00327680 /* Products */,
			);
			sourceTree = "<group>";
		};
		1E9CFF182089CF4C00327680 /* Products */ = {
			isa = PBXGroup;
			children = (
				1E9CFF172089CF4C00327680 /* calculator.app */,
				1E9CFF2B2089CF5500327680 /* calculatorTests.xctest */,
				1E9CFF362089CF5500327680 /* calculatorUITests.xctest */,
			);
			name = Products;
			sourceTree = "<group>";
		};
		1E9CFF192089CF4C00327680 /* calculator */ = {
			isa = PBXGroup;
			children = (
				1E9CFF1A2089CF4C00327680 /* AppDelegate.swift */,
				1E9CFF1C2089CF4C00327680 /* ViewController.swift */,
				1E9CFF1E2089CF4C00327680 /* Main.storyboard */,
				1E9CFF212089CF5500327680 /* Assets.xcassets */,
				1E9CFF232089CF5500327680 /* LaunchScreen.storyboard */,
				1E9CFF262089CF5500327680 /* Info.plist */,
			);
			path = calculator;
			sourceTree = "<group>";
		};
		1E9CFF2E2089CF5500327680 /* calculatorTests */ = {
			isa = PBXGroup;
			children = (
				1E9CFF2F2089CF5500327680 /* calculatorTests.swift */,
				1E9CFF312089CF5500327680 /* Info.plist */,
			);
			path = calculatorTests;
			sourceTree = "<group>";
		};
		1E9CFF392089CF5500327680 /* calculatorUITests */ = {
			isa = PBXGroup;
			children = (
				1E9CFF3A2089CF5500327680 /* calculatorUITests.swift */,
				1E9CFF3C2089CF5500327680 /* Info.plist */,
			);
			path = calculatorUITests;
			sourceTree = "<group>";
		};
/* End PBXGroup section */

/* Begin PBXNativeTarget section */
		1E9CFF162089CF4C00327680 /* calculator */ = {
			isa = PBXNativeTarget;
			buildConfigurationList = 1E9CFF3F2089CF5500327680 /* Build configuration list for PBXNativeTarget "calculator" */;
			buildPhases = (
				1E9CFF132089CF4C00327680 /* Sources */,
				1E9CFF142089CF4C00327680 /* Frameworks */,
				1E9CFF152089CF4C00327680 /* Resources */,
			);
			buildRules = (
			);
			dependencies = (
			);
			name = calculator;
			productName = calculator;
			productReference = 1E9CFF172089CF4C00327680 /* calculator.app */;
			productType = "com.apple.product-type.application";
		};
		1E9CFF2A2089CF5500327680 /* calculatorTests */ = {
			isa = PBXNativeTarget;
			buildConfigurationList = 1E9CFF422089CF5500327680 /* Build configuration list for PBXNativeTarget "calculatorTests" */;
			buildPhases = (
				1E9CFF272089CF5500327680 /* Sources */,
				1E9CFF282089CF5500327680 /* Frameworks */,
				1E9CFF292089CF5500327680 /* Resources */,
			);
			buildRules = (
			);
			dependencies = (
				1E9CFF2D2089CF5500327680 /* PBXTargetDependency */,
			);
			name = calculatorTests;
			productName = calculatorTests;
			productReference = 1E9CFF2B2089CF5500327680 /* calculatorTests.xctest */;
			productType = "com.apple.product-type.bundle.unit-test";
		};
		1E9CFF352089CF5500327680 /* calculatorUITests */ = {
			isa = PBXNativeTarget;
			buildConfigurationList = 1E9CFF452089CF5500327680 /* Build configuration list for PBXNativeTarget "calculatorUITests" */;
			buildPhases = (
				1E9CFF322089CF5500327680 /* Sources */,
				1E9CFF332089CF5500327680 /* Frameworks */,
				1E9CFF342089CF5500327680 /* Resources */,
			);
			buildRules = (
			);
			dependencies = (
				1E9CFF382089CF5500327680 /* PBXTargetDependency */,
			);
			name = calculatorUITests;
			productName = calculatorUITests;
			productReference = 1E9CFF362089CF5500327680 /* calculatorUITests.xctest */;
			productType = "com.apple.product-type.bundle.ui-testing";
		};
/* End PBXNativeTarget section */

/* Begin PBXProject section */
		1E9CFF0F2089CF4C00327680 /* Project object */ = {
			isa = PBXProject;
			attributes = {
				LastSwiftUpdateCheck = 0930;
				LastUpgradeCheck = 0930;
				ORGANIZATIONNAME = Pjm;
				TargetAttributes = {
					1E9CFF162089CF4C00327680 = {
						CreatedOnToolsVersion = 9.3;
						ProvisioningStyle = Automatic;
					};
					1E9CFF2A2089CF5500327680 = {
						CreatedOnToolsVersion = 9.3;
						ProvisioningStyle = Automatic;
						TestTargetID = 1E9CFF162089CF4C00327680;
					};
					1E9CFF352089CF5500327680 = {
						CreatedOnToolsVersion = 9.3;
						ProvisioningStyle = Automatic;
						TestTargetID = 1E9CFF162089CF4C00327680;
					};
				};
			};
			buildConfigurationList = 1E9CFF122089CF4C00327680 /* Build configuration list for PBXProject "calculator" */;
			compatibilityVersion = "Xcode 8.0";
			developmentRegion = en;
			hasScannedForEncodings = 0;
			knownRegions = (
				en,
				Base,
			);
			mainGroup = 1E9CFF0E2089CF4C00327680;
			productRefGroup = 1E9CFF182089CF4C00327680 /* Products */;
			projectDirPath = "";
			projectRoot = "";
			targets = (
				1E9CFF162089CF4C00327680 /* calculator */,
				1E9CFF2A2089CF5500327680 /* calculatorTests */,
				1E9CFF352089CF5500327680 /* calculatorUITests */,
			);
		};
/* End PBXProject section */

/* Begin PBXResourcesBuildPhase section */
		1E9CFF152089CF4C00327680 /* Resources */ = {
			isa = PBXResourcesBuildPhase;
			buildActionMask = 2147483647;
			files = (
				1E9CFF252089CF5500327680 /* LaunchScreen.storyboard in Resources */,
				1E9CFF222089CF5500327680 /* Assets.xcassets in Resources */,
				1E9CFF202089CF4C00327680 /* Main.storyboard in Resources */,
			);
			runOnlyForDeploymentPostprocessing = 0;
		};
		1E9CFF292089CF5500327680 /* Resources */ = {
			isa = PBXResourcesBuildPhase;
			buildActionMask = 2147483647;
			files = (
			);
			runOnlyForDeploymentPostprocessing = 0;
		};
		1E9CFF342089CF5500327680 /* Resources */ = {
			isa = PBXResourcesBuildPhase;
			buildActionMask = 2147483647;
			files = (
			);
			runOnlyForDeploymentPostprocessing = 0;
		};
/* End PBXResourcesBuildPhase section */

/* Begin PBXSourcesBuildPhase section */
		1E9CFF132089CF4C00327680 /* Sources */ = {
			isa = PBXSourcesBuildPhase;
			buildActionMask = 2147483647;
			files = (
				1E9CFF1D2089CF4C00327680 /* ViewController.swift in Sources */,
				1E9CFF1B2089CF4C00327680 /* AppDelegate.swift in Sources */,
			);
			runOnlyForDeploymentPostprocessing = 0;
		};
		1E9CFF272089CF5500327680 /* Sources */ = {
			isa = PBXSourcesBuildPhase;
			buildActionMask = 2147483647;
			files = (
				1E9CFF302089CF5500327680 /* calculatorTests.swift in Sources */,
			);
			runOnlyForDeploymentPostprocessing = 0;
		};
		1E9CFF322089CF5500327680 /* Sources */ = {
			isa = PBXSourcesBuildPhase;
			buildActionMask = 2147483647;
			files = (
				1E9CFF3B2089CF5500327680 /* calculatorUITests.swift in Sources */,
			);
			runOnlyForDeploymentPostprocessing = 0;
		};
/* End PBXSourcesBuildPhase section */

/* Begin PBXTargetDependency section */
		1E9CFF2D2089CF5500327680 /* PBXTargetDependency */ = {
			isa = PBXTargetDependency;
			target = 1E9CFF162089CF4C00327680 /* calculator */;
			targetProxy = 1E9CFF2C2089CF5500327680 /* PBXContainerItemProxy */;
		};
		1E9CFF382089CF5500327680 /* PBXTargetDependency */ = {
			isa = PBXTargetDependency;
			target = 1E9CFF162089CF4C00327680 /* calculator */;
			targetProxy = 1E9CFF372089CF5500327680 /* PBXContainerItemProxy */;
		};
/* End PBXTargetDependency section */

/* Begin PBXVariantGroup section */
		1E9CFF1E2089CF4C00327680 /* Main.storyboard */ = {
			isa = PBXVariantGroup;
			children = (
				1E9CFF1F2089CF4C00327680 /* Base */,
			);
			name = Main.storyboard;
			sourceTree = "<group>";
		};
		1E9CFF232089CF5500327680 /* LaunchScreen.storyboard */ = {
			isa = PBXVariantGroup;
			children = (
				1E9CFF242089CF5500327680 /* Base */,
			);
			name = LaunchScreen.storyboard;
			sourceTree = "<group>";
		};
/* End PBXVariantGroup section */

/* Begin XCBuildConfiguration section */
		1E9CFF3D2089CF5500327680 /* Debug */ = {
			isa = XCBuildConfiguration;
			buildSettings = {
				ALWAYS_SEARCH_USER_PATHS = NO;
				CLANG_ANALYZER_NONNULL = YES;
				CLANG_ANALYZER_NUMBER_OBJECT_CONVERSION = YES_AGGRESSIVE;
				CLANG_CXX_LANGUAGE_STANDARD = "gnu++14";
				CLANG_CXX_LIBRARY = "libc++";
				CLANG_ENABLE_MODULES = YES;
				CLANG_ENABLE_OBJC_ARC = YES;
				CLANG_ENABLE_OBJC_WEAK = YES;
				CLANG_WARN_BLOCK_CAPTURE_AUTORELEASING = YES;
				CLANG_WARN_BOOL_CONVERSION = YES;
				CLANG_WARN_COMMA = YES;
				CLANG_WARN_CONSTANT_CONVERSION = YES;
				CLANG_WARN_DEPRECATED_OBJC_IMPLEMENTATIONS = YES;
				CLANG_WARN_DIRECT_OBJC_ISA_USAGE = YES_ERROR;
				CLANG_WARN_DOCUMENTATION_COMMENTS = YES;
				CLANG_WARN_EMPTY_BODY = YES;
				CLANG_WARN_ENUM_CONVERSION = YES;
				CLANG_WARN_INFINITE_RECURSION = YES;
				CLANG_WARN_INT_CONVERSION = YES;
				CLANG_WARN_NON_LITERAL_NULL_CONVERSION = YES;
				CLANG_WARN_OBJC_IMPLICIT_RETAIN_SELF = YES;
				CLANG_WARN_OBJC_LITERAL_CONVERSION = YES;
				CLANG_WARN_OBJC_ROOT_CLASS = YES_ERROR;
				CLANG_WARN_RANGE_LOOP_ANALYSIS = YES;
				CLANG_WARN_STRICT_PROTOTYPES = YES;
				CLANG_WARN_SUSPICIOUS_MOVE = YES;
				CLANG_WARN_UNGUARDED_AVAILABILITY = YES_AGGRESSIVE;
				CLANG_WARN_UNREACHABLE_CODE = YES;
				CLANG_WARN__DUPLICATE_METHOD_MATCH = YES;
				CODE_SIGN_IDENTITY = "iPhone Developer";
				COPY_PHASE_STRIP = NO;
				DEBUG_INFORMATION_FORMAT = dwarf;
				ENABLE_STRICT_OBJC_MSGSEND = YES;
				ENABLE_TESTABILITY = YES;
				GCC_C_LANGUAGE_STANDARD = gnu11;
				GCC_DYNAMIC_NO_PIC = NO;
				GCC_NO_COMMON_BLOCKS = YES;
				GCC_OPTIMIZATION_LEVEL = 0;
				GCC_PREPROCESSOR_DEFINITIONS = (
					"DEBUG=1",
					"$(inherited)",
				);
				GCC_WARN_64_TO_32_BIT_CONVERSION = YES;
				GCC_WARN_ABOUT_RETURN_TYPE = YES_ERROR;
				GCC_WARN_UNDECLARED_SELECTOR = YES;
				GCC_WARN_UNINITIALIZED_AUTOS = YES_AGGRESSIVE;
				GCC_WARN_UNUSED_FUNCTION = YES;
				GCC_WARN_UNUSED_VARIABLE = YES;
				IPHONEOS_DEPLOYMENT_TARGET = 10.3;
				MTL_ENABLE_DEBUG_INFO = YES;
				ONLY_ACTIVE_ARCH = YES;
				SDKROOT = iphoneos;
				SWIFT_ACTIVE_COMPILATION_CONDITIONS = DEBUG;
				SWIFT_OPTIMIZATION_LEVEL = "-Onone";
				SWIFT_VERSION = "";
			};
			name = Debug;
		};
		1E9CFF3E2089CF5500327680 /* Release */ = {
			isa = XCBuildConfiguration;
			buildSettings = {
				ALWAYS_SEARCH_USER_PATHS = NO;
				CLANG_ANALYZER_NONNULL = YES;
				CLANG_ANALYZER_NUMBER_OBJECT_CONVERSION = YES_AGGRESSIVE;
				CLANG_CXX_LANGUAGE_STANDARD = "gnu++14";
				CLANG_CXX_LIBRARY = "libc++";
				CLANG_ENABLE_MODULES = YES;
				CLANG_ENABLE_OBJC_ARC = YES;
				CLANG_ENABLE_OBJC_WEAK = YES;
				CLANG_WARN_BLOCK_CAPTURE_AUTORELEASING = YES;
				CLANG_WARN_BOOL_CONVERSION = YES;
				CLANG_WARN_COMMA = YES;
				CLANG_WARN_CONSTANT_CONVERSION = YES;
				CLANG_WARN_DEPRECATED_OBJC_IMPLEMENTATIONS = YES;
				CLANG_WARN_DIRECT_OBJC_ISA_USAGE = YES_ERROR;
				CLANG_WARN_DOCUMENTATION_COMMENTS = YES;
				CLANG_WARN_EMPTY_BODY = YES;
				CLANG_WARN_ENUM_CONVERSION = YES;
				CLANG_WARN_INFINITE_RECURSION = YES;
				CLANG_WARN_INT_CONVERSION = YES;
				CLANG_WARN_NON_LITERAL_NULL_CONVERSION = YES;
				CLANG_WARN_OBJC_IMPLICIT_RETAIN_SELF = YES;
				CLANG_WARN_OBJC_LITERAL_CONVERSION = YES;
				CLANG_WARN_OBJC_ROOT_CLASS = YES_ERROR;
				CLANG_WARN_RANGE_LOOP_ANALYSIS = YES;
				CLANG_WARN_STRICT_PROTOTYPES = YES;
				CLANG_WARN_SUSPICIOUS_MOVE = YES;
				CLANG_WARN_UNGUARDED_AVAILABILITY = YES_AGGRESSIVE;
				CLANG_WARN_UNREACHABLE_CODE = YES;
				CLANG_WARN__DUPLICATE_METHOD_MATCH = YES;
				CODE_SIGN_IDENTITY = "iPhone Developer";
				COPY_PHASE_STRIP = NO;
				DEBUG_INFORMATION_FORMAT = "dwarf-with-dsym";
				ENABLE_NS_ASSERTIONS = NO;
				ENABLE_STRICT_OBJC_MSGSEND = YES;
				GCC_C_LANGUAGE_STANDARD = gnu11;
				GCC_NO_COMMON_BLOCKS = YES;
				GCC_WARN_64_TO_32_BIT_CONVERSION = YES;
				GCC_WARN_ABOUT_RETURN_TYPE = YES_ERROR;
				GCC_WARN_UNDECLARED_SELECTOR = YES;
				GCC_WARN_UNINITIALIZED_AUTOS = YES_AGGRESSIVE;
				GCC_WARN_UNUSED_FUNCTION = YES;
				GCC_WARN_UNUSED_VARIABLE = YES;
				IPHONEOS_DEPLOYMENT_TARGET = 10.3;
				MTL_ENABLE_DEBUG_INFO = NO;
				SDKROOT = iphoneos;
				SWIFT_OPTIMIZATION_LEVEL = "-Owholemodule";
				SWIFT_VERSION = "";
				VALIDATE_PRODUCT = YES;
			};
			name = Release;
		};
		1E9CFF402089CF5500327680 /* Debug */ = {
			isa = XCBuildConfiguration;
			buildSettings = {
				ASSETCATALOG_COMPILER_APPICON_NAME = AppIcon;
				CODE_SIGN_STYLE = Automatic;
				INFOPLIST_FILE = calculator/Info.plist;
				IPHONEOS_DEPLOYMENT_TARGET = 10.3;
				LD_RUNPATH_SEARCH_PATHS = "$(inherited) @executable_path/Frameworks";
				PRODUCT_BUNDLE_IDENTIFIER = ute.calculator;
				PRODUCT_NAME = "$(TARGET_NAME)";
				SWIFT_VERSION = 4.0;
				TARGETED_DEVICE_FAMILY = "1,2";
			};
			name = Debug;
		};
		1E9CFF412089CF5500327680 /* Release */ = {
			isa = XCBuildConfiguration;
			buildSettings = {
				ASSETCATALOG_COMPILER_APPICON_NAME = AppIcon;
				CODE_SIGN_STYLE = Automatic;
				INFOPLIST_FILE = calculator/Info.plist;
				IPHONEOS_DEPLOYMENT_TARGET = 10.3;
				LD_RUNPATH_SEARCH_PATHS = "$(inherited) @executable_path/Frameworks";
				PRODUCT_BUNDLE_IDENTIFIER = ute.calculator;
				PRODUCT_NAME = "$(TARGET_NAME)";
				SWIFT_VERSION = 4.0;
				TARGETED_DEVICE_FAMILY = "1,2";
			};
			name = Release;
		};
		1E9CFF432089CF5500327680 /* Debug */ = {
			isa = XCBuildConfiguration;
			buildSettings = {
				ALWAYS_EMBED_SWIFT_STANDARD_LIBRARIES = YES;
				BUNDLE_LOADER = "$(TEST_HOST)";
				CODE_SIGN_STYLE = Automatic;
				INFOPLIST_FILE = calculatorTests/Info.plist;
				LD_RUNPATH_SEARCH_PATHS = "$(inherited) @executable_path/Frameworks @loader_path/Frameworks";
				PRODUCT_BUNDLE_IDENTIFIER = ute.calculatorTests;
				PRODUCT_NAME = "$(TARGET_NAME)";
				SWIFT_VERSION = 4.0;
				TARGETED_DEVICE_FAMILY = "1,2";
				TEST_HOST = "$(BUILT_PRODUCTS_DIR)/calculator.app/calculator";
			};
			name = Debug;
		};
		1E9CFF442089CF5500327680 /* Release */ = {
			isa = XCBuildConfiguration;
			buildSettings = {
				ALWAYS_EMBED_SWIFT_STANDARD_LIBRARIES = YES;
				BUNDLE_LOADER = "$(TEST_HOST)";
				CODE_SIGN_STYLE = Automatic;
				INFOPLIST_FILE = calculatorTests/Info.plist;
				LD_RUNPATH_SEARCH_PATHS = "$(inherited) @executable_path/Frameworks @loader_path/Frameworks";
				PRODUCT_BUNDLE_IDENTIFIER = ute.calculatorTests;
				PRODUCT_NAME = "$(TARGET_NAME)";
				SWIFT_VERSION = 4.0;
				TARGETED_DEVICE_FAMILY = "1,2";
				TEST_HOST = "$(BUILT_PRODUCTS_DIR)/calculator.app/calculator";
			};
			name = Release;
		};
		1E9CFF462089CF5500327680 /* Debug */ = {
			isa = XCBuildConfiguration;
			buildSettings = {
				ALWAYS_EMBED_SWIFT_STANDARD_LIBRARIES = YES;
				CODE_SIGN_STYLE = Automatic;
				INFOPLIST_FILE = calculatorUITests/Info.plist;
				LD_RUNPATH_SEARCH_PATHS = "$(inherited) @executable_path/Frameworks @loader_path/Frameworks";
				PRODUCT_BUNDLE_IDENTIFIER = ute.calculatorUITests;
				PRODUCT_NAME = "$(TARGET_NAME)";
				SWIFT_VERSION = 4.0;
				TARGETED_DEVICE_FAMILY = "1,2";
				TEST_TARGET_NAME = calculator;
			};
			name = Debug;
		};
		1E9CFF472089CF5500327680 /* Release */ = {
			isa = XCBuildConfiguration;
			buildSettings = {
				ALWAYS_EMBED_SWIFT_STANDARD_LIBRARIES = YES;
				CODE_SIGN_STYLE = Automatic;
				INFOPLIST_FILE = calculatorUITests/Info.plist;
				LD_RUNPATH_SEARCH_PATHS = "$(inherited) @executable_path/Frameworks @loader_path/Frameworks";
				PRODUCT_BUNDLE_IDENTIFIER = ute.calculatorUITests;
				PRODUCT_NAME = "$(TARGET_NAME)";
				SWIFT_VERSION = 4.0;
				TARGETED_DEVICE_FAMILY = "1,2";
				TEST_TARGET_NAME = calculator;
			};
			name = Release;
		};
/* End XCBuildConfiguration section */

/* Begin XCConfigurationList section */
		1E9CFF122089CF4C00327680 /* Build configuration list for PBXProject "calculator" */ = {
			isa = XCConfigurationList;
			buildConfigurations = (
				1E9CFF3D2089CF5500327680 /* Debug */,
				1E9CFF3E2089CF5500327680 /* Release */,
			);
			defaultConfigurationIsVisible = 0;
			defaultConfigurationName = Release;
		};
		1E9CFF3F2089CF5500327680 /* Build configuration list for PBXNativeTarget "calculator" */ = {
			isa = XCConfigurationList;
			buildConfigurations = (
				1E9CFF402089CF5500327680 /* Debug */,
				1E9CFF412089CF5500327680 /* Release */,
			);
			defaultConfigurationIsVisible = 0;
			defaultConfigurationName = Release;
		};
		1E9CFF422089CF5500327680 /* Build configuration list for PBXNativeTarget "calculatorTests" */ = {
			isa = XCConfigurationList;
			buildConfigurations = (
				1E9CFF432089CF5500327680 /* Debug */,
				1E9CFF442089CF5500327680 /* Release */,
			);
			defaultConfigurationIsVisible = 0;
			defaultConfigurationName = Release;
		};
		1E9CFF452089CF5500327680 /* Build configuration list for PBXNativeTarget "calculatorUITests" */ = {
			isa = XCConfigurationList;
			buildConfigurations = (
				1E9CFF462089CF5500327680 /* Debug */,
				1E9CFF472089CF5500327680 /* Release */,
			);
			defaultConfigurationIsVisible = 0;
			defaultConfigurationName = Release;
		};
/* End XCConfigurationList section */
	};
	rootObject = 1E9CFF0F2089CF4C00327680 /* Project object */;
}
